
Microsoft Visual Studio Solution File, Format Version 12.00
# Visual Studio Version 16
VisualStudioVersion = 16.0.29215.179
MinimumVisualStudioVersion = 10.0.40219.1
Project("{FAE04EC0-301F-11D3-BF4B-00C04F79EFBC}") = "Client", "Client\Client.csproj", "{36792E66-583D-4CCD-9C0B-5F506AC58F81}"
EndProject
Project("{FAE04EC0-301F-11D3-BF4B-00C04F79EFBC}") = "Server", "Server\Server.csproj", "{278805EF-DC2C-461F-9C9D-84858645065F}"
EndProject
Global
	GlobalSection(SolutionConfigurationPlatforms) = preSolution
		Debug|Any CPU = Debug|Any CPU
		Release|Any CPU = Release|Any CPU
	EndGlobalSection
	GlobalSection(ProjectConfigurationPlatforms) = postSolution
		{36792E66-583D-4CCD-9C0B-5F506AC58F81}.Debug|Any CPU.ActiveCfg = Debug|Any CPU
		{36792E66-583D-4CCD-9C0B-5F506AC58F81}.Debug|Any CPU.Build.0 = Debug|Any CPU
		{36792E66-583D-4CCD-9C0B-5F506AC58F81}.Release|Any CPU.ActiveCfg = Release|Any CPU
		{36792E66-583D-4CCD-9C0B-5F506AC58F81}.Release|Any CPU.Build.0 = Release|Any CPU
		{278805EF-DC2C-461F-9C9D-84858645065F}.Debug|Any CPU.ActiveCfg = Debug|Any CPU
		{278805EF-DC2C-461F-9C9D-84858645065F}.Debug|Any CPU.Build.0 = Debug|Any CPU
		{278805EF-DC2C-461F-9C9D-84858645065F}.Release|Any CPU.ActiveCfg = Release|Any CPU
		{278805EF-DC2C-461F-9C9D-84858645065F}.Release|Any CPU.Build.0 = Release|Any CPU
	EndGlobalSection
	GlobalSection(SolutionProperties) = preSolution
		HideSolutionNode = FALSE
	EndGlobalSection
	GlobalSection(ExtensibilityGlobals) = postSolution
		SolutionGuid = {A6C51C39-A40A-4EE3-A10A-C76EF30B3737}
	EndGlobalSection
EndGlobal
