
Microsoft Visual Studio Solution File, Format Version 12.00
# Visual Studio Version 16
VisualStudioVersion = 16.0.29215.179
MinimumVisualStudioVersion = 10.0.40219.1
Project("{FAE04EC0-301F-11D3-BF4B-00C04F79EFBC}") = "MultiplayerTetris", "MultiplayerTetris\MultiplayerTetris.csproj", "{898E5B00-676E-4E24-ACA9-5D7274D6F5F4}"
EndProject
Global
	GlobalSection(SolutionConfigurationPlatforms) = preSolution
		Debug|Any CPU = Debug|Any CPU
		Release|Any CPU = Release|Any CPU
	EndGlobalSection
	GlobalSection(ProjectConfigurationPlatforms) = postSolution
		{898E5B00-676E-4E24-ACA9-5D7274D6F5F4}.Debug|Any CPU.ActiveCfg = Debug|Any CPU
		{898E5B00-676E-4E24-ACA9-5D7274D6F5F4}.Debug|Any CPU.Build.0 = Debug|Any CPU
		{898E5B00-676E-4E24-ACA9-5D7274D6F5F4}.Release|Any CPU.ActiveCfg = Release|Any CPU
		{898E5B00-676E-4E24-ACA9-5D7274D6F5F4}.Release|Any CPU.Build.0 = Release|Any CPU
	EndGlobalSection
	GlobalSection(SolutionProperties) = preSolution
		HideSolutionNode = FALSE
	EndGlobalSection
	GlobalSection(ExtensibilityGlobals) = postSolution
		SolutionGuid = {A6C51C39-A40A-4EE3-A10A-C76EF30B3737}
	EndGlobalSection
EndGlobal
